
Microsoft Visual Studio Solution File, Format Version 12.00
# Visual Studio Version 16
VisualStudioVersion = 16.0.31515.178
MinimumVisualStudioVersion = 10.0.40219.1
Project("{FAE04EC0-301F-11D3-BF4B-00C04F79EFBC}") = "TicketManager", "TicketManager.csproj", "{26F38AFB-A23C-4EE0-9D4B-9D06794C6006}"
EndProject
Global
	GlobalSection(SolutionConfigurationPlatforms) = preSolution
		Debug|Any CPU = Debug|Any CPU
		Release|Any CPU = Release|Any CPU
	EndGlobalSection
	GlobalSection(ProjectConfigurationPlatforms) = postSolution
		{26F38AFB-A23C-4EE0-9D4B-9D06794C6006}.Debug|Any CPU.ActiveCfg = Debug|Any CPU
		{26F38AFB-A23C-4EE0-9D4B-9D06794C6006}.Debug|Any CPU.Build.0 = Debug|Any CPU
		{26F38AFB-A23C-4EE0-9D4B-9D06794C6006}.Release|Any CPU.ActiveCfg = Release|Any CPU
		{26F38AFB-A23C-4EE0-9D4B-9D06794C6006}.Release|Any CPU.Build.0 = Release|Any CPU
	EndGlobalSection
	GlobalSection(SolutionProperties) = preSolution
		HideSolutionNode = FALSE
	EndGlobalSection
	GlobalSection(ExtensibilityGlobals) = postSolution
		SolutionGuid = {66E825F7-2F24-4C34-8D6C-C8BE32219A4E}
	EndGlobalSection
EndGlobal
